
Microsoft Visual Studio Solution File, Format Version 12.00
# Visual Studio Version 16
VisualStudioVersion = 16.0.28803.916
MinimumVisualStudioVersion = 10.0.40219.1
Project("{FAE04EC0-301F-11D3-BF4B-00C04F79EFBC}") = "Pcampeonato", "Pcampeonato\Pcampeonato.csproj", "{7C2E2180-F5F6-493C-9990-552A260F4B53}"
EndProject
Global
	GlobalSection(SolutionConfigurationPlatforms) = preSolution
		Debug|Any CPU = Debug|Any CPU
		Release|Any CPU = Release|Any CPU
	EndGlobalSection
	GlobalSection(ProjectConfigurationPlatforms) = postSolution
		{7C2E2180-F5F6-493C-9990-552A260F4B53}.Debug|Any CPU.ActiveCfg = Debug|Any CPU
		{7C2E2180-F5F6-493C-9990-552A260F4B53}.Debug|Any CPU.Build.0 = Debug|Any CPU
		{7C2E2180-F5F6-493C-9990-552A260F4B53}.Release|Any CPU.ActiveCfg = Release|Any CPU
		{7C2E2180-F5F6-493C-9990-552A260F4B53}.Release|Any CPU.Build.0 = Release|Any CPU
	EndGlobalSection
	GlobalSection(SolutionProperties) = preSolution
		HideSolutionNode = FALSE
	EndGlobalSection
	GlobalSection(ExtensibilityGlobals) = postSolution
		SolutionGuid = {05FF1AE0-6999-4BFD-9ECB-3E3F6819DFCC}
	EndGlobalSection
EndGlobal
